
Microsoft Visual Studio Solution File, Format Version 12.00
# Visual Studio Version 17
VisualStudioVersion = 17.5.33530.505
MinimumVisualStudioVersion = 10.0.40219.1
Project("{8BC9CEB8-8B4A-11D0-8D11-00A0C91BC942}") = "WinNet_Server", "..\WinNet_Server\WinNet_Server.vcxproj", "{293992DD-5998-43A5-BC14-2AB8E86E8B4E}"
EndProject
Project("{8BC9CEB8-8B4A-11D0-8D11-00A0C91BC942}") = "WinNet_Client", "..\WinNet_Client\WinNet_Client.vcxproj", "{911D4B74-A065-4211-81D5-5C93540C414F}"
EndProject
Project("{8BC9CEB8-8B4A-11D0-8D11-00A0C91BC942}") = "Problem9", "Problem9\Problem9.vcxproj", "{A64FDDD7-E016-4DCD-8217-62CF5DEA7AFA}"
EndProject
Global
	GlobalSection(SolutionConfigurationPlatforms) = preSolution
		Debug|x64 = Debug|x64
		Debug|x86 = Debug|x86
		Release|x64 = Release|x64
		Release|x86 = Release|x86
	EndGlobalSection
	GlobalSection(ProjectConfigurationPlatforms) = postSolution
		{293992DD-5998-43A5-BC14-2AB8E86E8B4E}.Debug|x64.ActiveCfg = Debug|x64
		{293992DD-5998-43A5-BC14-2AB8E86E8B4E}.Debug|x64.Build.0 = Debug|x64
		{293992DD-5998-43A5-BC14-2AB8E86E8B4E}.Debug|x86.ActiveCfg = Debug|Win32
		{293992DD-5998-43A5-BC14-2AB8E86E8B4E}.Debug|x86.Build.0 = Debug|Win32
		{293992DD-5998-43A5-BC14-2AB8E86E8B4E}.Release|x64.ActiveCfg = Release|x64
		{293992DD-5998-43A5-BC14-2AB8E86E8B4E}.Release|x64.Build.0 = Release|x64
		{293992DD-5998-43A5-BC14-2AB8E86E8B4E}.Release|x86.ActiveCfg = Release|Win32
		{293992DD-5998-43A5-BC14-2AB8E86E8B4E}.Release|x86.Build.0 = Release|Win32
		{911D4B74-A065-4211-81D5-5C93540C414F}.Debug|x64.ActiveCfg = Debug|x64
		{911D4B74-A065-4211-81D5-5C93540C414F}.Debug|x64.Build.0 = Debug|x64
		{911D4B74-A065-4211-81D5-5C93540C414F}.Debug|x86.ActiveCfg = Debug|Win32
		{911D4B74-A065-4211-81D5-5C93540C414F}.Debug|x86.Build.0 = Debug|Win32
		{911D4B74-A065-4211-81D5-5C93540C414F}.Release|x64.ActiveCfg = Release|x64
		{911D4B74-A065-4211-81D5-5C93540C414F}.Release|x64.Build.0 = Release|x64
		{911D4B74-A065-4211-81D5-5C93540C414F}.Release|x86.ActiveCfg = Release|Win32
		{911D4B74-A065-4211-81D5-5C93540C414F}.Release|x86.Build.0 = Release|Win32
		{A64FDDD7-E016-4DCD-8217-62CF5DEA7AFA}.Debug|x64.ActiveCfg = Debug|x64
		{A64FDDD7-E016-4DCD-8217-62CF5DEA7AFA}.Debug|x64.Build.0 = Debug|x64
		{A64FDDD7-E016-4DCD-8217-62CF5DEA7AFA}.Debug|x86.ActiveCfg = Debug|Win32
		{A64FDDD7-E016-4DCD-8217-62CF5DEA7AFA}.Debug|x86.Build.0 = Debug|Win32
		{A64FDDD7-E016-4DCD-8217-62CF5DEA7AFA}.Release|x64.ActiveCfg = Release|x64
		{A64FDDD7-E016-4DCD-8217-62CF5DEA7AFA}.Release|x64.Build.0 = Release|x64
		{A64FDDD7-E016-4DCD-8217-62CF5DEA7AFA}.Release|x86.ActiveCfg = Release|Win32
		{A64FDDD7-E016-4DCD-8217-62CF5DEA7AFA}.Release|x86.Build.0 = Release|Win32
	EndGlobalSection
	GlobalSection(SolutionProperties) = preSolution
		HideSolutionNode = FALSE
	EndGlobalSection
	GlobalSection(ExtensibilityGlobals) = postSolution
		SolutionGuid = {E936E56A-31F7-4D03-8E54-EA975E6817DB}
	EndGlobalSection
EndGlobal
