<?xml version="1.0" encoding="utf-8"?>
<Project ToolsVersion="4.0" xmlns="http://schemas.microsoft.com/developer/msbuild/2003">
  <ItemGroup>
    <Filter Include="소스 파일">
      <UniqueIdentifier>{4FC737F1-C7A5-4376-A066-2A32D752A2FF}</UniqueIdentifier>
      <Extensions>cpp;c;cc;cxx;c++;cppm;ixx;def;odl;idl;hpj;bat;asm;asmx</Extensions>
    </Filter>
    <Filter Include="헤더 파일">
      <UniqueIdentifier>{93995380-89BD-4b04-88EB-625FBE52EBFB}</UniqueIdentifier>
      <Extensions>h;hh;hpp;hxx;h++;hm;inl;inc;ipp;xsd</Extensions>
    </Filter>
    <Filter Include="리소스 파일">
      <UniqueIdentifier>{67DA6AB6-F800-4c08-8B7A-83BB121AAD01}</UniqueIdentifier>
      <Extensions>rc;ico;cur;bmp;dlg;rc2;rct;bin;rgs;gif;jpg;jpeg;jpe;resx;tiff;tif;png;wav;mfcribbon-ms</Extensions>
    </Filter>
  </ItemGroup>
  <ItemGroup>
    <ClCompile Include="2023_05_25.cpp">
      <Filter>소스 파일</Filter>
    </ClCompile>
    <ClCompile Include="2023_05_26.cpp">
      <Filter>소스 파일</Filter>
    </ClCompile>
    <ClCompile Include="2023_05_29.cpp">
      <Filter>소스 파일</Filter>
    </ClCompile>
    <ClCompile Include="2023_05_31.cpp">
      <Filter>소스 파일</Filter>
    </ClCompile>
    <ClCompile Include="2023_06_01.cpp">
      <Filter>소스 파일</Filter>
    </ClCompile>
    <ClCompile Include="2023_06_02.cpp">
      <Filter>소스 파일</Filter>
    </ClCompile>
    <ClCompile Include="2023_06_05.cpp">
      <Filter>소스 파일</Filter>
    </ClCompile>
    <ClCompile Include="namesp.cpp">
      <Filter>소스 파일</Filter>
    </ClCompile>
    <ClCompile Include="2023_06_07.cpp">
      <Filter>소스 파일</Filter>
    </ClCompile>
    <ClCompile Include="Stock.cpp">
      <Filter>소스 파일</Filter>
    </ClCompile>
    <ClCompile Include="2023_06_08.cpp">
      <Filter>소스 파일</Filter>
    </ClCompile>
    <ClCompile Include="account.cpp">
      <Filter>소스 파일</Filter>
    </ClCompile>
    <ClCompile Include="useaccnt.cpp">
      <Filter>소스 파일</Filter>
    </ClCompile>
    <ClCompile Include="Move.cpp">
      <Filter>소스 파일</Filter>
    </ClCompile>
    <ClCompile Include="moving.cpp">
      <Filter>소스 파일</Filter>
    </ClCompile>
    <ClCompile Include="2023_06_09.cpp">
      <Filter>소스 파일</Filter>
    </ClCompile>
    <ClCompile Include="mytime0.cpp">
      <Filter>소스 파일</Filter>
    </ClCompile>
    <ClCompile Include="usetime0.cpp">
      <Filter>소스 파일</Filter>
    </ClCompile>
    <ClCompile Include="cVector3.cpp">
      <Filter>소스 파일</Filter>
    </ClCompile>
    <ClCompile Include="2023_06_12.cpp">
      <Filter>소스 파일</Filter>
    </ClCompile>
    <ClCompile Include="Circle2D.cpp">
      <Filter>소스 파일</Filter>
    </ClCompile>
    <ClCompile Include="2023_06_14.cpp">
      <Filter>소스 파일</Filter>
    </ClCompile>
    <ClCompile Include="Rectangle2D.cpp">
      <Filter>소스 파일</Filter>
    </ClCompile>
    <ClCompile Include="strngbad.cpp">
      <Filter>소스 파일</Filter>
    </ClCompile>
    <ClCompile Include="MyPoint.cpp">
      <Filter>소스 파일</Filter>
    </ClCompile>
    <ClCompile Include="2023_06_15.cpp">
      <Filter>소스 파일</Filter>
    </ClCompile>
    <ClCompile Include="string1.cpp">
      <Filter>소스 파일</Filter>
    </ClCompile>
    <ClCompile Include="string2.cpp">
      <Filter>소스 파일</Filter>
    </ClCompile>
    <ClCompile Include="2023_06_16.cpp">
      <Filter>소스 파일</Filter>
    </ClCompile>
    <ClCompile Include="tabtenn1.cpp">
      <Filter>소스 파일</Filter>
    </ClCompile>
    <ClCompile Include="dma.cpp">
      <Filter>소스 파일</Filter>
    </ClCompile>
    <ClCompile Include="GeometricObject.cpp">
      <Filter>소스 파일</Filter>
    </ClCompile>
    <ClCompile Include="2023_06_19.cpp">
      <Filter>소스 파일</Filter>
    </ClCompile>
    <ClCompile Include="StopWatch.cpp">
      <Filter>소스 파일</Filter>
    </ClCompile>
    <ClCompile Include="worker0.cpp">
      <Filter>소스 파일</Filter>
    </ClCompile>
    <ClCompile Include="2023_06_21.cpp">
      <Filter>소스 파일</Filter>
    </ClCompile>
    <ClCompile Include="Tv.cpp">
      <Filter>소스 파일</Filter>
    </ClCompile>
    <ClCompile Include="BackJoon.cpp">
      <Filter>소스 파일</Filter>
    </ClCompile>
    <ClCompile Include="2023_06_22.cpp">
      <Filter>소스 파일</Filter>
    </ClCompile>
    <ClCompile Include="2023_06_23.cpp">
      <Filter>소스 파일</Filter>
    </ClCompile>
    <ClCompile Include="2023_06_26.cpp">
      <Filter>소스 파일</Filter>
    </ClCompile>
    <ClCompile Include="1주치 3번.cpp">
      <Filter>소스 파일</Filter>
    </ClCompile>
  </ItemGroup>
  <ItemGroup>
    <ClInclude Include="namesp.h">
      <Filter>헤더 파일</Filter>
    </ClInclude>
    <ClInclude Include="Stock.h">
      <Filter>헤더 파일</Filter>
    </ClInclude>
    <ClInclude Include="account.h">
      <Filter>헤더 파일</Filter>
    </ClInclude>
    <ClInclude Include="Move.h">
      <Filter>헤더 파일</Filter>
    </ClInclude>
    <ClInclude Include="mytime0.h">
      <Filter>헤더 파일</Filter>
    </ClInclude>
    <ClInclude Include="cVector3.h">
      <Filter>헤더 파일</Filter>
    </ClInclude>
    <ClInclude Include="Circle2D.h">
      <Filter>헤더 파일</Filter>
    </ClInclude>
    <ClInclude Include="Rectangle2D.h">
      <Filter>헤더 파일</Filter>
    </ClInclude>
    <ClInclude Include="strngbad.h">
      <Filter>헤더 파일</Filter>
    </ClInclude>
    <ClInclude Include="MyPoint.h">
      <Filter>헤더 파일</Filter>
    </ClInclude>
    <ClInclude Include="string1.h">
      <Filter>헤더 파일</Filter>
    </ClInclude>
    <ClInclude Include="string2.h">
      <Filter>헤더 파일</Filter>
    </ClInclude>
    <ClInclude Include="tabtenn1.h">
      <Filter>헤더 파일</Filter>
    </ClInclude>
    <ClInclude Include="dma.h">
      <Filter>헤더 파일</Filter>
    </ClInclude>
    <ClInclude Include="GeometricObject.h">
      <Filter>헤더 파일</Filter>
    </ClInclude>
    <ClInclude Include="StopWatch.h">
      <Filter>헤더 파일</Filter>
    </ClInclude>
    <ClInclude Include="worker0.h">
      <Filter>헤더 파일</Filter>
    </ClInclude>
    <ClInclude Include="stacktp.h">
      <Filter>헤더 파일</Filter>
    </ClInclude>
    <ClInclude Include="QueueTp.h">
      <Filter>헤더 파일</Filter>
    </ClInclude>
    <ClInclude Include="Tv.h">
      <Filter>헤더 파일</Filter>
    </ClInclude>
    <ClInclude Include="queue.h">
      <Filter>헤더 파일</Filter>
    </ClInclude>
    <ClInclude Include="exc_mean.h">
      <Filter>소스 파일</Filter>
    </ClInclude>
  </ItemGroup>
</Project>